
Microsoft Visual Studio Solution File, Format Version 12.00
# Visual Studio Version 17
VisualStudioVersion = 17.5.33502.453
MinimumVisualStudioVersion = 10.0.40219.1
Project("{FAE04EC0-301F-11D3-BF4B-00C04F79EFBC}") = "MVC.Day3.Task", "MVC.Day3.Task\MVC.Day3.Task.csproj", "{1B52C26A-3AF2-42F3-8889-9916F7A311E7}"
EndProject
Global
	GlobalSection(SolutionConfigurationPlatforms) = preSolution
		Debug|Any CPU = Debug|Any CPU
		Release|Any CPU = Release|Any CPU
	EndGlobalSection
	GlobalSection(ProjectConfigurationPlatforms) = postSolution
		{1B52C26A-3AF2-42F3-8889-9916F7A311E7}.Debug|Any CPU.ActiveCfg = Debug|Any CPU
		{1B52C26A-3AF2-42F3-8889-9916F7A311E7}.Debug|Any CPU.Build.0 = Debug|Any CPU
		{1B52C26A-3AF2-42F3-8889-9916F7A311E7}.Release|Any CPU.ActiveCfg = Release|Any CPU
		{1B52C26A-3AF2-42F3-8889-9916F7A311E7}.Release|Any CPU.Build.0 = Release|Any CPU
	EndGlobalSection
	GlobalSection(SolutionProperties) = preSolution
		HideSolutionNode = FALSE
	EndGlobalSection
	GlobalSection(ExtensibilityGlobals) = postSolution
		SolutionGuid = {FD8BCD82-ACDF-4960-943A-BA97B99C756F}
	EndGlobalSection
EndGlobal
